
Microsoft Visual Studio Solution File, Format Version 12.00
# Visual Studio 15
VisualStudioVersion = 15.0.27703.2026
MinimumVisualStudioVersion = 10.0.40219.1
Project("{9A19103F-16F7-4668-BE54-9A1E7A4F7556}") = "Dictionary", "Dictionary\Dictionary.csproj", "{E56C2717-7DD0-40EC-9BD5-B4C8BDAD4C13}"
EndProject
Global
	GlobalSection(SolutionConfigurationPlatforms) = preSolution
		Debug|Any CPU = Debug|Any CPU
		Release|Any CPU = Release|Any CPU
	EndGlobalSection
	GlobalSection(ProjectConfigurationPlatforms) = postSolution
		{E56C2717-7DD0-40EC-9BD5-B4C8BDAD4C13}.Debug|Any CPU.ActiveCfg = Debug|Any CPU
		{E56C2717-7DD0-40EC-9BD5-B4C8BDAD4C13}.Debug|Any CPU.Build.0 = Debug|Any CPU
		{E56C2717-7DD0-40EC-9BD5-B4C8BDAD4C13}.Release|Any CPU.ActiveCfg = Release|Any CPU
		{E56C2717-7DD0-40EC-9BD5-B4C8BDAD4C13}.Release|Any CPU.Build.0 = Release|Any CPU
	EndGlobalSection
	GlobalSection(SolutionProperties) = preSolution
		HideSolutionNode = FALSE
	EndGlobalSection
	GlobalSection(ExtensibilityGlobals) = postSolution
		SolutionGuid = {4FB140AC-95A3-426F-B9B3-C66CAFF756FA}
	EndGlobalSection
EndGlobal
