
Microsoft Visual Studio Solution File, Format Version 12.00
# Visual Studio 15
VisualStudioVersion = 15.0.27703.2026
MinimumVisualStudioVersion = 10.0.40219.1
Project("{9A19103F-16F7-4668-BE54-9A1E7A4F7556}") = "Dict", "Dict\Dict.csproj", "{1FD39BB9-1A6F-46DA-8B41-26F0AA832222}"
EndProject
Project("{9A19103F-16F7-4668-BE54-9A1E7A4F7556}") = "Dict.Tests", "Dict.Tests\Dict.Tests.csproj", "{4268943A-4DCA-4E07-A101-E3119504E553}"
EndProject
Global
	GlobalSection(SolutionConfigurationPlatforms) = preSolution
		Debug|Any CPU = Debug|Any CPU
		Release|Any CPU = Release|Any CPU
	EndGlobalSection
	GlobalSection(ProjectConfigurationPlatforms) = postSolution
		{1FD39BB9-1A6F-46DA-8B41-26F0AA832222}.Debug|Any CPU.ActiveCfg = Debug|Any CPU
		{1FD39BB9-1A6F-46DA-8B41-26F0AA832222}.Debug|Any CPU.Build.0 = Debug|Any CPU
		{1FD39BB9-1A6F-46DA-8B41-26F0AA832222}.Release|Any CPU.ActiveCfg = Release|Any CPU
		{1FD39BB9-1A6F-46DA-8B41-26F0AA832222}.Release|Any CPU.Build.0 = Release|Any CPU
		{4268943A-4DCA-4E07-A101-E3119504E553}.Debug|Any CPU.ActiveCfg = Debug|Any CPU
		{4268943A-4DCA-4E07-A101-E3119504E553}.Debug|Any CPU.Build.0 = Debug|Any CPU
		{4268943A-4DCA-4E07-A101-E3119504E553}.Release|Any CPU.ActiveCfg = Release|Any CPU
		{4268943A-4DCA-4E07-A101-E3119504E553}.Release|Any CPU.Build.0 = Release|Any CPU
	EndGlobalSection
	GlobalSection(SolutionProperties) = preSolution
		HideSolutionNode = FALSE
	EndGlobalSection
	GlobalSection(ExtensibilityGlobals) = postSolution
		SolutionGuid = {0DC4FDB1-575F-429A-81F2-1091F934C8AC}
	EndGlobalSection
EndGlobal
